
Microsoft Visual Studio Solution File, Format Version 12.00
# Visual Studio 15
VisualStudioVersion = 15.0.28307.539
MinimumVisualStudioVersion = 10.0.40219.1
Project("{8BC9CEB8-8B4A-11D0-8D11-00A0C91BC942}") = "123", "123\123.vcxproj", "{7723923E-FCAB-4DB6-BEF1-E2305F6C40A8}"
EndProject
Global
	GlobalSection(SolutionConfigurationPlatforms) = preSolution
		Debug|x64 = Debug|x64
		Debug|x86 = Debug|x86
		Release|x64 = Release|x64
		Release|x86 = Release|x86
	EndGlobalSection
	GlobalSection(ProjectConfigurationPlatforms) = postSolution
		{7723923E-FCAB-4DB6-BEF1-E2305F6C40A8}.Debug|x64.ActiveCfg = Debug|x64
		{7723923E-FCAB-4DB6-BEF1-E2305F6C40A8}.Debug|x64.Build.0 = Debug|x64
		{7723923E-FCAB-4DB6-BEF1-E2305F6C40A8}.Debug|x86.ActiveCfg = Debug|Win32
		{7723923E-FCAB-4DB6-BEF1-E2305F6C40A8}.Debug|x86.Build.0 = Debug|Win32
		{7723923E-FCAB-4DB6-BEF1-E2305F6C40A8}.Release|x64.ActiveCfg = Release|x64
		{7723923E-FCAB-4DB6-BEF1-E2305F6C40A8}.Release|x64.Build.0 = Release|x64
		{7723923E-FCAB-4DB6-BEF1-E2305F6C40A8}.Release|x86.ActiveCfg = Release|Win32
		{7723923E-FCAB-4DB6-BEF1-E2305F6C40A8}.Release|x86.Build.0 = Release|Win32
	EndGlobalSection
	GlobalSection(SolutionProperties) = preSolution
		HideSolutionNode = FALSE
	EndGlobalSection
	GlobalSection(ExtensibilityGlobals) = postSolution
		SolutionGuid = {52716303-29F7-4E4D-9B7E-5B1A41F5B100}
	EndGlobalSection
EndGlobal
